// !$*UTF8*$!
{
	archiveVersion = 1;
	classes = {
	};
	objectVersion = 56;
	objects = {

/* Begin PBXBuildFile section */
		D84D059B292958E0009A48E6 /* AppDelegate.swift in Sources */ = {isa = PBXBuildFile; fileRef = D84D059A292958E0009A48E6 /* AppDelegate.swift */; };
		D84D059D292958E0009A48E6 /* SceneDelegate.swift in Sources */ = {isa = PBXBuildFile; fileRef = D84D059C292958E0009A48E6 /* SceneDelegate.swift */; };
		D84D059F292958E0009A48E6 /* ViewController.swift in Sources */ = {isa = PBXBuildFile; fileRef = D84D059E292958E0009A48E6 /* ViewController.swift */; };
		D84D05A2292958E0009A48E6 /* Main.storyboard in Resources */ = {isa = PBXBuildFile; fileRef = D84D05A0292958E0009A48E6 /* Main.storyboard */; };
		D84D05A4292958E1009A48E6 /* Assets.xcassets in Resources */ = {isa = PBXBuildFile; fileRef = D84D05A3292958E1009A48E6 /* Assets.xcassets */; };
		D84D05A7292958E1009A48E6 /* LaunchScreen.storyboard in Resources */ = {isa = PBXBuildFile; fileRef = D84D05A5292958E1009A48E6 /* LaunchScreen.storyboard */; };
		D84D05B2292958E1009A48E6 /* eu_sou_ricaTests.swift in Sources */ = {isa = PBXBuildFile; fileRef = D84D05B1292958E1009A48E6 /* eu_sou_ricaTests.swift */; };
		D84D05BC292958E1009A48E6 /* eu_sou_ricaUITests.swift in Sources */ = {isa = PBXBuildFile; fileRef = D84D05BB292958E1009A48E6 /* eu_sou_ricaUITests.swift */; };
		D84D05BE292958E1009A48E6 /* eu_sou_ricaUITestsLaunchTests.swift in Sources */ = {isa = PBXBuildFile; fileRef = D84D05BD292958E1009A48E6 /* eu_sou_ricaUITestsLaunchTests.swift */; };
/* End PBXBuildFile section */

/* Begin PBXContainerItemProxy section */
		D84D05AE292958E1009A48E6 /* PBXContainerItemProxy */ = {
			isa = PBXContainerItemProxy;
			containerPortal = D84D058F292958E0009A48E6 /* Project object */;
			proxyType = 1;
			remoteGlobalIDString = D84D0596292958E0009A48E6;
			remoteInfo = "eu-sou-rica";
		};
		D84D05B8292958E1009A48E6 /* PBXContainerItemProxy */ = {
			isa = PBXContainerItemProxy;
			containerPortal = D84D058F292958E0009A48E6 /* Project object */;
			proxyType = 1;
			remoteGlobalIDString = D84D0596292958E0009A48E6;
			remoteInfo = "eu-sou-rica";
		};
/* End PBXContainerItemProxy section */

/* Begin PBXFileReference section */
		D84D0597292958E0009A48E6 /* eu-sou-rica.app */ = {isa = PBXFileReference; explicitFileType = wrapper.application; includeInIndex = 0; path = "eu-sou-rica.app"; sourceTree = BUILT_PRODUCTS_DIR; };
		D84D059A292958E0009A48E6 /* AppDelegate.swift */ = {isa = PBXFileReference; lastKnownFileType = sourcecode.swift; path = AppDelegate.swift; sourceTree = "<group>"; };
		D84D059C292958E0009A48E6 /* SceneDelegate.swift */ = {isa = PBXFileReference; lastKnownFileType = sourcecode.swift; path = SceneDelegate.swift; sourceTree = "<group>"; };
		D84D059E292958E0009A48E6 /* ViewController.swift */ = {isa = PBXFileReference; lastKnownFileType = sourcecode.swift; path = ViewController.swift; sourceTree = "<group>"; };
		D84D05A1292958E0009A48E6 /* Base */ = {isa = PBXFileReference; lastKnownFileType = file.storyboard; name = Base; path = Base.lproj/Main.storyboard; sourceTree = "<group>"; };
		D84D05A3292958E1009A48E6 /* Assets.xcassets */ = {isa = PBXFileReference; lastKnownFileType = folder.assetcatalog; path = Assets.xcassets; sourceTree = "<group>"; };
		D84D05A6292958E1009A48E6 /* Base */ = {isa = PBXFileReference; lastKnownFileType = file.storyboard; name = Base; path = Base.lproj/LaunchScreen.storyboard; sourceTree = "<group>"; };
		D84D05A8292958E1009A48E6 /* Info.plist */ = {isa = PBXFileReference; lastKnownFileType = text.plist.xml; path = Info.plist; sourceTree = "<group>"; };
		D84D05AD292958E1009A48E6 /* eu-sou-ricaTests.xctest */ = {isa = PBXFileReference; explicitFileType = wrapper.cfbundle; includeInIndex = 0; path = "eu-sou-ricaTests.xctest"; sourceTree = BUILT_PRODUCTS_DIR; };
		D84D05B1292958E1009A48E6 /* eu_sou_ricaTests.swift */ = {isa = PBXFileReference; lastKnownFileType = sourcecode.swift; path = eu_sou_ricaTests.swift; sourceTree = "<group>"; };
		D84D05B7292958E1009A48E6 /* eu-sou-ricaUITests.xctest */ = {isa = PBXFileReference; explicitFileType = wrapper.cfbundle; includeInIndex = 0; path = "eu-sou-ricaUITests.xctest"; sourceTree = BUILT_PRODUCTS_DIR; };
		D84D05BB292958E1009A48E6 /* eu_sou_ricaUITests.swift */ = {isa = PBXFileReference; lastKnownFileType = sourcecode.swift; path = eu_sou_ricaUITests.swift; sourceTree = "<group>"; };
		D84D05BD292958E1009A48E6 /* eu_sou_ricaUITestsLaunchTests.swift */ = {isa = PBXFileReference; lastKnownFileType = sourcecode.swift; path = eu_sou_ricaUITestsLaunchTests.swift; sourceTree = "<group>"; };
/* End PBXFileReference section */

/* Begin PBXFrameworksBuildPhase section */
		D84D0594292958E0009A48E6 /* Frameworks */ = {
			isa = PBXFrameworksBuildPhase;
			buildActionMask = 2147483647;
			files = (
			);
			runOnlyForDeploymentPostprocessing = 0;
		};
		D84D05AA292958E1009A48E6 /* Frameworks */ = {
			isa = PBXFrameworksBuildPhase;
			buildActionMask = 2147483647;
			files = (
			);
			runOnlyForDeploymentPostprocessing = 0;
		};
		D84D05B4292958E1009A48E6 /* Frameworks */ = {
			isa = PBXFrameworksBuildPhase;
			buildActionMask = 2147483647;
			files = (
			);
			runOnlyForDeploymentPostprocessing = 0;
		};
/* End PBXFrameworksBuildPhase section */

/* Begin PBXGroup section */
		D84D058E292958E0009A48E6 = {
			isa = PBXGroup;
			children = (
				D84D0599292958E0009A48E6 /* eu-sou-rica */,
				D84D05B0292958E1009A48E6 /* eu-sou-ricaTests */,
				D84D05BA292958E1009A48E6 /* eu-sou-ricaUITests */,
				D84D0598292958E0009A48E6 /* Products */,
			);
			sourceTree = "<group>";
		};
		D84D0598292958E0009A48E6 /* Products */ = {
			isa = PBXGroup;
			children = (
				D84D0597292958E0009A48E6 /* eu-sou-rica.app */,
				D84D05AD292958E1009A48E6 /* eu-sou-ricaTests.xctest */,
				D84D05B7292958E1009A48E6 /* eu-sou-ricaUITests.xctest */,
			);
			name = Products;
			sourceTree = "<group>";
		};
		D84D0599292958E0009A48E6 /* eu-sou-rica */ = {
			isa = PBXGroup;
			children = (
				D84D059A292958E0009A48E6 /* AppDelegate.swift */,
				D84D059C292958E0009A48E6 /* SceneDelegate.swift */,
				D84D059E292958E0009A48E6 /* ViewController.swift */,
				D84D05A0292958E0009A48E6 /* Main.storyboard */,
				D84D05A3292958E1009A48E6 /* Assets.xcassets */,
				D84D05A5292958E1009A48E6 /* LaunchScreen.storyboard */,
				D84D05A8292958E1009A48E6 /* Info.plist */,
			);
			path = "eu-sou-rica";
			sourceTree = "<group>";
		};
		D84D05B0292958E1009A48E6 /* eu-sou-ricaTests */ = {
			isa = PBXGroup;
			children = (
				D84D05B1292958E1009A48E6 /* eu_sou_ricaTests.swift */,
			);
			path = "eu-sou-ricaTests";
			sourceTree = "<group>";
		};
		D84D05BA292958E1009A48E6 /* eu-sou-ricaUITests */ = {
			isa = PBXGroup;
			children = (
				D84D05BB292958E1009A48E6 /* eu_sou_ricaUITests.swift */,
				D84D05BD292958E1009A48E6 /* eu_sou_ricaUITestsLaunchTests.swift */,
			);
			path = "eu-sou-ricaUITests";
			sourceTree = "<group>";
		};
/* End PBXGroup section */

/* Begin PBXNativeTarget section */
		D84D0596292958E0009A48E6 /* eu-sou-rica */ = {
			isa = PBXNativeTarget;
			buildConfigurationList = D84D05C1292958E1009A48E6 /* Build configuration list for PBXNativeTarget "eu-sou-rica" */;
			buildPhases = (
				D84D0593292958E0009A48E6 /* Sources */,
				D84D0594292958E0009A48E6 /* Frameworks */,
				D84D0595292958E0009A48E6 /* Resources */,
			);
			buildRules = (
			);
			dependencies = (
			);
			name = "eu-sou-rica";
			productName = "eu-sou-rica";
			productReference = D84D0597292958E0009A48E6 /* eu-sou-rica.app */;
			productType = "com.apple.product-type.application";
		};
		D84D05AC292958E1009A48E6 /* eu-sou-ricaTests */ = {
			isa = PBXNativeTarget;
			buildConfigurationList = D84D05C4292958E1009A48E6 /* Build configuration list for PBXNativeTarget "eu-sou-ricaTests" */;
			buildPhases = (
				D84D05A9292958E1009A48E6 /* Sources */,
				D84D05AA292958E1009A48E6 /* Frameworks */,
				D84D05AB292958E1009A48E6 /* Resources */,
			);
			buildRules = (
			);
			dependencies = (
				D84D05AF292958E1009A48E6 /* PBXTargetDependency */,
			);
			name = "eu-sou-ricaTests";
			productName = "eu-sou-ricaTests";
			productReference = D84D05AD292958E1009A48E6 /* eu-sou-ricaTests.xctest */;
			productType = "com.apple.product-type.bundle.unit-test";
		};
		D84D05B6292958E1009A48E6 /* eu-sou-ricaUITests */ = {
			isa = PBXNativeTarget;
			buildConfigurationList = D84D05C7292958E1009A48E6 /* Build configuration list for PBXNativeTarget "eu-sou-ricaUITests" */;
			buildPhases = (
				D84D05B3292958E1009A48E6 /* Sources */,
				D84D05B4292958E1009A48E6 /* Frameworks */,
				D84D05B5292958E1009A48E6 /* Resources */,
			);
			buildRules = (
			);
			dependencies = (
				D84D05B9292958E1009A48E6 /* PBXTargetDependency */,
			);
			name = "eu-sou-ricaUITests";
			productName = "eu-sou-ricaUITests";
			productReference = D84D05B7292958E1009A48E6 /* eu-sou-ricaUITests.xctest */;
			productType = "com.apple.product-type.bundle.ui-testing";
		};
/* End PBXNativeTarget section */

/* Begin PBXProject section */
		D84D058F292958E0009A48E6 /* Project object */ = {
			isa = PBXProject;
			attributes = {
				BuildIndependentTargetsInParallel = 1;
				LastSwiftUpdateCheck = 1410;
				LastUpgradeCheck = 1410;
				TargetAttributes = {
					D84D0596292958E0009A48E6 = {
						CreatedOnToolsVersion = 14.1;
					};
					D84D05AC292958E1009A48E6 = {
						CreatedOnToolsVersion = 14.1;
						TestTargetID = D84D0596292958E0009A48E6;
					};
					D84D05B6292958E1009A48E6 = {
						CreatedOnToolsVersion = 14.1;
						TestTargetID = D84D0596292958E0009A48E6;
					};
				};
			};
			buildConfigurationList = D84D0592292958E0009A48E6 /* Build configuration list for PBXProject "eu-sou-rica" */;
			compatibilityVersion = "Xcode 14.0";
			developmentRegion = en;
			hasScannedForEncodings = 0;
			knownRegions = (
				en,
				Base,
			);
			mainGroup = D84D058E292958E0009A48E6;
			productRefGroup = D84D0598292958E0009A48E6 /* Products */;
			projectDirPath = "";
			projectRoot = "";
			targets = (
				D84D0596292958E0009A48E6 /* eu-sou-rica */,
				D84D05AC292958E1009A48E6 /* eu-sou-ricaTests */,
				D84D05B6292958E1009A48E6 /* eu-sou-ricaUITests */,
			);
		};
/* End PBXProject section */

/* Begin PBXResourcesBuildPhase section */
		D84D0595292958E0009A48E6 /* Resources */ = {
			isa = PBXResourcesBuildPhase;
			buildActionMask = 2147483647;
			files = (
				D84D05A7292958E1009A48E6 /* LaunchScreen.storyboard in Resources */,
				D84D05A4292958E1009A48E6 /* Assets.xcassets in Resources */,
				D84D05A2292958E0009A48E6 /* Main.storyboard in Resources */,
			);
			runOnlyForDeploymentPostprocessing = 0;
		};
		D84D05AB292958E1009A48E6 /* Resources */ = {
			isa = PBXResourcesBuildPhase;
			buildActionMask = 2147483647;
			files = (
			);
			runOnlyForDeploymentPostprocessing = 0;
		};
		D84D05B5292958E1009A48E6 /* Resources */ = {
			isa = PBXResourcesBuildPhase;
			buildActionMask = 2147483647;
			files = (
			);
			runOnlyForDeploymentPostprocessing = 0;
		};
/* End PBXResourcesBuildPhase section */

/* Begin PBXSourcesBuildPhase section */
		D84D0593292958E0009A48E6 /* Sources */ = {
			isa = PBXSourcesBuildPhase;
			buildActionMask = 2147483647;
			files = (
				D84D059F292958E0009A48E6 /* ViewController.swift in Sources */,
				D84D059B292958E0009A48E6 /* AppDelegate.swift in Sources */,
				D84D059D292958E0009A48E6 /* SceneDelegate.swift in Sources */,
			);
			runOnlyForDeploymentPostprocessing = 0;
		};
		D84D05A9292958E1009A48E6 /* Sources */ = {
			isa = PBXSourcesBuildPhase;
			buildActionMask = 2147483647;
			files = (
				D84D05B2292958E1009A48E6 /* eu_sou_ricaTests.swift in Sources */,
			);
			runOnlyForDeploymentPostprocessing = 0;
		};
		D84D05B3292958E1009A48E6 /* Sources */ = {
			isa = PBXSourcesBuildPhase;
			buildActionMask = 2147483647;
			files = (
				D84D05BC292958E1009A48E6 /* eu_sou_ricaUITests.swift in Sources */,
				D84D05BE292958E1009A48E6 /* eu_sou_ricaUITestsLaunchTests.swift in Sources */,
			);
			runOnlyForDeploymentPostprocessing = 0;
		};
/* End PBXSourcesBuildPhase section */

/* Begin PBXTargetDependency section */
		D84D05AF292958E1009A48E6 /* PBXTargetDependency */ = {
			isa = PBXTargetDependency;
			target = D84D0596292958E0009A48E6 /* eu-sou-rica */;
			targetProxy = D84D05AE292958E1009A48E6 /* PBXContainerItemProxy */;
		};
		D84D05B9292958E1009A48E6 /* PBXTargetDependency */ = {
			isa = PBXTargetDependency;
			target = D84D0596292958E0009A48E6 /* eu-sou-rica */;
			targetProxy = D84D05B8292958E1009A48E6 /* PBXContainerItemProxy */;
		};
/* End PBXTargetDependency section */

/* Begin PBXVariantGroup section */
		D84D05A0292958E0009A48E6 /* Main.storyboard */ = {
			isa = PBXVariantGroup;
			children = (
				D84D05A1292958E0009A48E6 /* Base */,
			);
			name = Main.storyboard;
			sourceTree = "<group>";
		};
		D84D05A5292958E1009A48E6 /* LaunchScreen.storyboard */ = {
			isa = PBXVariantGroup;
			children = (
				D84D05A6292958E1009A48E6 /* Base */,
			);
			name = LaunchScreen.storyboard;
			sourceTree = "<group>";
		};
/* End PBXVariantGroup section */

/* Begin XCBuildConfiguration section */
		D84D05BF292958E1009A48E6 /* Debug */ = {
			isa = XCBuildConfiguration;
			buildSettings = {
				ALWAYS_SEARCH_USER_PATHS = NO;
				CLANG_ANALYZER_NONNULL = YES;
				CLANG_ANALYZER_NUMBER_OBJECT_CONVERSION = YES_AGGRESSIVE;
				CLANG_CXX_LANGUAGE_STANDARD = "gnu++20";
				CLANG_ENABLE_MODULES = YES;
				CLANG_ENABLE_OBJC_ARC = YES;
				CLANG_ENABLE_OBJC_WEAK = YES;
				CLANG_WARN_BLOCK_CAPTURE_AUTORELEASING = YES;
				CLANG_WARN_BOOL_CONVERSION = YES;
				CLANG_WARN_COMMA = YES;
				CLANG_WARN_CONSTANT_CONVERSION = YES;
				CLANG_WARN_DEPRECATED_OBJC_IMPLEMENTATIONS = YES;
				CLANG_WARN_DIRECT_OBJC_ISA_USAGE = YES_ERROR;
				CLANG_WARN_DOCUMENTATION_COMMENTS = YES;
				CLANG_WARN_EMPTY_BODY = YES;
				CLANG_WARN_ENUM_CONVERSION = YES;
				CLANG_WARN_INFINITE_RECURSION = YES;
				CLANG_WARN_INT_CONVERSION = YES;
				CLANG_WARN_NON_LITERAL_NULL_CONVERSION = YES;
				CLANG_WARN_OBJC_IMPLICIT_RETAIN_SELF = YES;
				CLANG_WARN_OBJC_LITERAL_CONVERSION = YES;
				CLANG_WARN_OBJC_ROOT_CLASS = YES_ERROR;
				CLANG_WARN_QUOTED_INCLUDE_IN_FRAMEWORK_HEADER = YES;
				CLANG_WARN_RANGE_LOOP_ANALYSIS = YES;
				CLANG_WARN_STRICT_PROTOTYPES = YES;
				CLANG_WARN_SUSPICIOUS_MOVE = YES;
				CLANG_WARN_UNGUARDED_AVAILABILITY = YES_AGGRESSIVE;
				CLANG_WARN_UNREACHABLE_CODE = YES;
				CLANG_WARN__DUPLICATE_METHOD_MATCH = YES;
				COPY_PHASE_STRIP = NO;
				DEBUG_INFORMATION_FORMAT = dwarf;
				ENABLE_STRICT_OBJC_MSGSEND = YES;
				ENABLE_TESTABILITY = YES;
				GCC_C_LANGUAGE_STANDARD = gnu11;
				GCC_DYNAMIC_NO_PIC = NO;
				GCC_NO_COMMON_BLOCKS = YES;
				GCC_OPTIMIZATION_LEVEL = 0;
				GCC_PREPROCESSOR_DEFINITIONS = (
					"DEBUG=1",
					"$(inherited)",
				);
				GCC_WARN_64_TO_32_BIT_CONVERSION = YES;
				GCC_WARN_ABOUT_RETURN_TYPE = YES_ERROR;
				GCC_WARN_UNDECLARED_SELECTOR = YES;
				GCC_WARN_UNINITIALIZED_AUTOS = YES_AGGRESSIVE;
				GCC_WARN_UNUSED_FUNCTION = YES;
				GCC_WARN_UNUSED_VARIABLE = YES;
				IPHONEOS_DEPLOYMENT_TARGET = 16.1;
				MTL_ENABLE_DEBUG_INFO = INCLUDE_SOURCE;
				MTL_FAST_MATH = YES;
				ONLY_ACTIVE_ARCH = YES;
				SDKROOT = iphoneos;
				SWIFT_ACTIVE_COMPILATION_CONDITIONS = DEBUG;
				SWIFT_OPTIMIZATION_LEVEL = "-Onone";
			};
			name = Debug;
		};
		D84D05C0292958E1009A48E6 /* Release */ = {
			isa = XCBuildConfiguration;
			buildSettings = {
				ALWAYS_SEARCH_USER_PATHS = NO;
				CLANG_ANALYZER_NONNULL = YES;
				CLANG_ANALYZER_NUMBER_OBJECT_CONVERSION = YES_AGGRESSIVE;
				CLANG_CXX_LANGUAGE_STANDARD = "gnu++20";
				CLANG_ENABLE_MODULES = YES;
				CLANG_ENABLE_OBJC_ARC = YES;
				CLANG_ENABLE_OBJC_WEAK = YES;
				CLANG_WARN_BLOCK_CAPTURE_AUTORELEASING = YES;
				CLANG_WARN_BOOL_CONVERSION = YES;
				CLANG_WARN_COMMA = YES;
				CLANG_WARN_CONSTANT_CONVERSION = YES;
				CLANG_WARN_DEPRECATED_OBJC_IMPLEMENTATIONS = YES;
				CLANG_WARN_DIRECT_OBJC_ISA_USAGE = YES_ERROR;
				CLANG_WARN_DOCUMENTATION_COMMENTS = YES;
				CLANG_WARN_EMPTY_BODY = YES;
				CLANG_WARN_ENUM_CONVERSION = YES;
				CLANG_WARN_INFINITE_RECURSION = YES;
				CLANG_WARN_INT_CONVERSION = YES;
				CLANG_WARN_NON_LITERAL_NULL_CONVERSION = YES;
				CLANG_WARN_OBJC_IMPLICIT_RETAIN_SELF = YES;
				CLANG_WARN_OBJC_LITERAL_CONVERSION = YES;
				CLANG_WARN_OBJC_ROOT_CLASS = YES_ERROR;
				CLANG_WARN_QUOTED_INCLUDE_IN_FRAMEWORK_HEADER = YES;
				CLANG_WARN_RANGE_LOOP_ANALYSIS = YES;
				CLANG_WARN_STRICT_PROTOTYPES = YES;
				CLANG_WARN_SUSPICIOUS_MOVE = YES;
				CLANG_WARN_UNGUARDED_AVAILABILITY = YES_AGGRESSIVE;
				CLANG_WARN_UNREACHABLE_CODE = YES;
				CLANG_WARN__DUPLICATE_METHOD_MATCH = YES;
				COPY_PHASE_STRIP = NO;
				DEBUG_INFORMATION_FORMAT = "dwarf-with-dsym";
				ENABLE_NS_ASSERTIONS = NO;
				ENABLE_STRICT_OBJC_MSGSEND = YES;
				GCC_C_LANGUAGE_STANDARD = gnu11;
				GCC_NO_COMMON_BLOCKS = YES;
				GCC_WARN_64_TO_32_BIT_CONVERSION = YES;
				GCC_WARN_ABOUT_RETURN_TYPE = YES_ERROR;
				GCC_WARN_UNDECLARED_SELECTOR = YES;
				GCC_WARN_UNINITIALIZED_AUTOS = YES_AGGRESSIVE;
				GCC_WARN_UNUSED_FUNCTION = YES;
				GCC_WARN_UNUSED_VARIABLE = YES;
				IPHONEOS_DEPLOYMENT_TARGET = 16.1;
				MTL_ENABLE_DEBUG_INFO = NO;
				MTL_FAST_MATH = YES;
				SDKROOT = iphoneos;
				SWIFT_COMPILATION_MODE = wholemodule;
				SWIFT_OPTIMIZATION_LEVEL = "-O";
				VALIDATE_PRODUCT = YES;
			};
			name = Release;
		};
		D84D05C2292958E1009A48E6 /* Debug */ = {
			isa = XCBuildConfiguration;
			buildSettings = {
				ASSETCATALOG_COMPILER_APPICON_NAME = AppIcon;
				ASSETCATALOG_COMPILER_GLOBAL_ACCENT_COLOR_NAME = AccentColor;
				CODE_SIGN_STYLE = Automatic;
				CURRENT_PROJECT_VERSION = 1;
				GENERATE_INFOPLIST_FILE = YES;
				INFOPLIST_FILE = "eu-sou-rica/Info.plist";
				INFOPLIST_KEY_UIApplicationSupportsIndirectInputEvents = YES;
				INFOPLIST_KEY_UILaunchStoryboardName = LaunchScreen;
				INFOPLIST_KEY_UIMainStoryboardFile = Main;
				INFOPLIST_KEY_UISupportedInterfaceOrientations_iPad = "UIInterfaceOrientationPortrait UIInterfaceOrientationPortraitUpsideDown UIInterfaceOrientationLandscapeLeft UIInterfaceOrientationLandscapeRight";
				INFOPLIST_KEY_UISupportedInterfaceOrientations_iPhone = "UIInterfaceOrientationPortrait UIInterfaceOrientationLandscapeLeft UIInterfaceOrientationLandscapeRight";
				LD_RUNPATH_SEARCH_PATHS = (
					"$(inherited)",
					"@executable_path/Frameworks",
				);
				MARKETING_VERSION = 1.0;
				PRODUCT_BUNDLE_IDENTIFIER = "tech.padua.eu-sou-rica";
				PRODUCT_NAME = "$(TARGET_NAME)";
				SWIFT_EMIT_LOC_STRINGS = YES;
				SWIFT_VERSION = 5.0;
				TARGETED_DEVICE_FAMILY = "1,2";
			};
			name = Debug;
		};
		D84D05C3292958E1009A48E6 /* Release */ = {
			isa = XCBuildConfiguration;
			buildSettings = {
				ASSETCATALOG_COMPILER_APPICON_NAME = AppIcon;
				ASSETCATALOG_COMPILER_GLOBAL_ACCENT_COLOR_NAME = AccentColor;
				CODE_SIGN_STYLE = Automatic;
				CURRENT_PROJECT_VERSION = 1;
				GENERATE_INFOPLIST_FILE = YES;
				INFOPLIST_FILE = "eu-sou-rica/Info.plist";
				INFOPLIST_KEY_UIApplicationSupportsIndirectInputEvents = YES;
				INFOPLIST_KEY_UILaunchStoryboardName = LaunchScreen;
				INFOPLIST_KEY_UIMainStoryboardFile = Main;
				INFOPLIST_KEY_UISupportedInterfaceOrientations_iPad = "UIInterfaceOrientationPortrait UIInterfaceOrientationPortraitUpsideDown UIInterfaceOrientationLandscapeLeft UIInterfaceOrientationLandscapeRight";
				INFOPLIST_KEY_UISupportedInterfaceOrientations_iPhone = "UIInterfaceOrientationPortrait UIInterfaceOrientationLandscapeLeft UIInterfaceOrientationLandscapeRight";
				LD_RUNPATH_SEARCH_PATHS = (
					"$(inherited)",
					"@executable_path/Frameworks",
				);
				MARKETING_VERSION = 1.0;
				PRODUCT_BUNDLE_IDENTIFIER = "tech.padua.eu-sou-rica";
				PRODUCT_NAME = "$(TARGET_NAME)";
				SWIFT_EMIT_LOC_STRINGS = YES;
				SWIFT_VERSION = 5.0;
				TARGETED_DEVICE_FAMILY = "1,2";
			};
			name = Release;
		};
		D84D05C5292958E1009A48E6 /* Debug */ = {
			isa = XCBuildConfiguration;
			buildSettings = {
				ALWAYS_EMBED_SWIFT_STANDARD_LIBRARIES = YES;
				BUNDLE_LOADER = "$(TEST_HOST)";
				CODE_SIGN_STYLE = Automatic;
				CURRENT_PROJECT_VERSION = 1;
				GENERATE_INFOPLIST_FILE = YES;
				IPHONEOS_DEPLOYMENT_TARGET = 16.1;
				MARKETING_VERSION = 1.0;
				PRODUCT_BUNDLE_IDENTIFIER = "tech.padua.eu-sou-ricaTests";
				PRODUCT_NAME = "$(TARGET_NAME)";
				SWIFT_EMIT_LOC_STRINGS = NO;
				SWIFT_VERSION = 5.0;
				TARGETED_DEVICE_FAMILY = "1,2";
				TEST_HOST = "$(BUILT_PRODUCTS_DIR)/eu-sou-rica.app/$(BUNDLE_EXECUTABLE_FOLDER_PATH)/eu-sou-rica";
			};
			name = Debug;
		};
		D84D05C6292958E1009A48E6 /* Release */ = {
			isa = XCBuildConfiguration;
			buildSettings = {
				ALWAYS_EMBED_SWIFT_STANDARD_LIBRARIES = YES;
				BUNDLE_LOADER = "$(TEST_HOST)";
				CODE_SIGN_STYLE = Automatic;
				CURRENT_PROJECT_VERSION = 1;
				GENERATE_INFOPLIST_FILE = YES;
				IPHONEOS_DEPLOYMENT_TARGET = 16.1;
				MARKETING_VERSION = 1.0;
				PRODUCT_BUNDLE_IDENTIFIER = "tech.padua.eu-sou-ricaTests";
				PRODUCT_NAME = "$(TARGET_NAME)";
				SWIFT_EMIT_LOC_STRINGS = NO;
				SWIFT_VERSION = 5.0;
				TARGETED_DEVICE_FAMILY = "1,2";
				TEST_HOST = "$(BUILT_PRODUCTS_DIR)/eu-sou-rica.app/$(BUNDLE_EXECUTABLE_FOLDER_PATH)/eu-sou-rica";
			};
			name = Release;
		};
		D84D05C8292958E1009A48E6 /* Debug */ = {
			isa = XCBuildConfiguration;
			buildSettings = {
				ALWAYS_EMBED_SWIFT_STANDARD_LIBRARIES = YES;
				CODE_SIGN_STYLE = Automatic;
				CURRENT_PROJECT_VERSION = 1;
				GENERATE_INFOPLIST_FILE = YES;
				MARKETING_VERSION = 1.0;
				PRODUCT_BUNDLE_IDENTIFIER = "tech.padua.eu-sou-ricaUITests";
				PRODUCT_NAME = "$(TARGET_NAME)";
				SWIFT_EMIT_LOC_STRINGS = NO;
				SWIFT_VERSION = 5.0;
				TARGETED_DEVICE_FAMILY = "1,2";
				TEST_TARGET_NAME = "eu-sou-rica";
			};
			name = Debug;
		};
		D84D05C9292958E1009A48E6 /* Release */ = {
			isa = XCBuildConfiguration;
			buildSettings = {
				ALWAYS_EMBED_SWIFT_STANDARD_LIBRARIES = YES;
				CODE_SIGN_STYLE = Automatic;
				CURRENT_PROJECT_VERSION = 1;
				GENERATE_INFOPLIST_FILE = YES;
				MARKETING_VERSION = 1.0;
				PRODUCT_BUNDLE_IDENTIFIER = "tech.padua.eu-sou-ricaUITests";
				PRODUCT_NAME = "$(TARGET_NAME)";
				SWIFT_EMIT_LOC_STRINGS = NO;
				SWIFT_VERSION = 5.0;
				TARGETED_DEVICE_FAMILY = "1,2";
				TEST_TARGET_NAME = "eu-sou-rica";
			};
			name = Release;
		};
/* End XCBuildConfiguration section */

/* Begin XCConfigurationList section */
		D84D0592292958E0009A48E6 /* Build configuration list for PBXProject "eu-sou-rica" */ = {
			isa = XCConfigurationList;
			buildConfigurations = (
				D84D05BF292958E1009A48E6 /* Debug */,
				D84D05C0292958E1009A48E6 /* Release */,
			);
			defaultConfigurationIsVisible = 0;
			defaultConfigurationName = Release;
		};
		D84D05C1292958E1009A48E6 /* Build configuration list for PBXNativeTarget "eu-sou-rica" */ = {
			isa = XCConfigurationList;
			buildConfigurations = (
				D84D05C2292958E1009A48E6 /* Debug */,
				D84D05C3292958E1009A48E6 /* Release */,
			);
			defaultConfigurationIsVisible = 0;
			defaultConfigurationName = Release;
		};
		D84D05C4292958E1009A48E6 /* Build configuration list for PBXNativeTarget "eu-sou-ricaTests" */ = {
			isa = XCConfigurationList;
			buildConfigurations = (
				D84D05C5292958E1009A48E6 /* Debug */,
				D84D05C6292958E1009A48E6 /* Release */,
			);
			defaultConfigurationIsVisible = 0;
			defaultConfigurationName = Release;
		};
		D84D05C7292958E1009A48E6 /* Build configuration list for PBXNativeTarget "eu-sou-ricaUITests" */ = {
			isa = XCConfigurationList;
			buildConfigurations = (
				D84D05C8292958E1009A48E6 /* Debug */,
				D84D05C9292958E1009A48E6 /* Release */,
			);
			defaultConfigurationIsVisible = 0;
			defaultConfigurationName = Release;
		};
/* End XCConfigurationList section */
	};
	rootObject = D84D058F292958E0009A48E6 /* Project object */;
}
